
Microsoft Visual Studio Solution File, Format Version 12.00
# Visual Studio Version 17
VisualStudioVersion = 17.9.34723.18
MinimumVisualStudioVersion = 10.0.40219.1
Project("{9A19103F-16F7-4668-BE54-9A1E7A4F7556}") = "Problems", "Problems\Problems.csproj", "{6D0A789A-61D7-43D6-837D-435460A18CDA}"
EndProject
Project("{9A19103F-16F7-4668-BE54-9A1E7A4F7556}") = "Generics", "Generics\Generics.csproj", "{ABC13597-4BF8-4FC0-A57F-31036686E987}"
EndProject
Project("{9A19103F-16F7-4668-BE54-9A1E7A4F7556}") = "File_Handling", "File_Handling\File_Handling.csproj", "{0D0A59BA-21B8-4E06-A379-8545B76BC5A7}"
EndProject
Project("{9A19103F-16F7-4668-BE54-9A1E7A4F7556}") = "Regex_Practice", "Regex_Practice\Regex_Practice.csproj", "{A607AD1F-C495-4D98-BC53-352C7C4D848D}"
EndProject
Project("{9A19103F-16F7-4668-BE54-9A1E7A4F7556}") = "TestProject1", "TestProject1\TestProject1.csproj", "{57AD13BF-5CEA-4549-8109-9CC4B8C4ABEE}"
EndProject
Global
	GlobalSection(SolutionConfigurationPlatforms) = preSolution
		Debug|Any CPU = Debug|Any CPU
		Release|Any CPU = Release|Any CPU
	EndGlobalSection
	GlobalSection(ProjectConfigurationPlatforms) = postSolution
		{6D0A789A-61D7-43D6-837D-435460A18CDA}.Debug|Any CPU.ActiveCfg = Debug|Any CPU
		{6D0A789A-61D7-43D6-837D-435460A18CDA}.Debug|Any CPU.Build.0 = Debug|Any CPU
		{6D0A789A-61D7-43D6-837D-435460A18CDA}.Release|Any CPU.ActiveCfg = Release|Any CPU
		{6D0A789A-61D7-43D6-837D-435460A18CDA}.Release|Any CPU.Build.0 = Release|Any CPU
		{ABC13597-4BF8-4FC0-A57F-31036686E987}.Debug|Any CPU.ActiveCfg = Debug|Any CPU
		{ABC13597-4BF8-4FC0-A57F-31036686E987}.Debug|Any CPU.Build.0 = Debug|Any CPU
		{ABC13597-4BF8-4FC0-A57F-31036686E987}.Release|Any CPU.ActiveCfg = Release|Any CPU
		{ABC13597-4BF8-4FC0-A57F-31036686E987}.Release|Any CPU.Build.0 = Release|Any CPU
		{0D0A59BA-21B8-4E06-A379-8545B76BC5A7}.Debug|Any CPU.ActiveCfg = Debug|Any CPU
		{0D0A59BA-21B8-4E06-A379-8545B76BC5A7}.Debug|Any CPU.Build.0 = Debug|Any CPU
		{0D0A59BA-21B8-4E06-A379-8545B76BC5A7}.Release|Any CPU.ActiveCfg = Release|Any CPU
		{0D0A59BA-21B8-4E06-A379-8545B76BC5A7}.Release|Any CPU.Build.0 = Release|Any CPU
		{A607AD1F-C495-4D98-BC53-352C7C4D848D}.Debug|Any CPU.ActiveCfg = Debug|Any CPU
		{A607AD1F-C495-4D98-BC53-352C7C4D848D}.Debug|Any CPU.Build.0 = Debug|Any CPU
		{A607AD1F-C495-4D98-BC53-352C7C4D848D}.Release|Any CPU.ActiveCfg = Release|Any CPU
		{A607AD1F-C495-4D98-BC53-352C7C4D848D}.Release|Any CPU.Build.0 = Release|Any CPU
		{57AD13BF-5CEA-4549-8109-9CC4B8C4ABEE}.Debug|Any CPU.ActiveCfg = Debug|Any CPU
		{57AD13BF-5CEA-4549-8109-9CC4B8C4ABEE}.Debug|Any CPU.Build.0 = Debug|Any CPU
		{57AD13BF-5CEA-4549-8109-9CC4B8C4ABEE}.Release|Any CPU.ActiveCfg = Release|Any CPU
		{57AD13BF-5CEA-4549-8109-9CC4B8C4ABEE}.Release|Any CPU.Build.0 = Release|Any CPU
	EndGlobalSection
	GlobalSection(SolutionProperties) = preSolution
		HideSolutionNode = FALSE
	EndGlobalSection
	GlobalSection(ExtensibilityGlobals) = postSolution
		SolutionGuid = {5B4E1B5C-49B8-49BD-9EE5-A59A371B7990}
	EndGlobalSection
EndGlobal
